{
  "name": "basic",
  "lockfileVersion": 3,
  "requires": true,
  "packages": {
    "": {
      "dependencies": {
        "@studio-freight/lenis": "^1.0.42"
      }
    },
    "node_modules/@studio-freight/lenis": {
      "version": "1.0.42",
      "resolved": "https://registry.npmjs.org/@studio-freight/lenis/-/lenis-1.0.42.tgz",
      "integrity": "sha512-HJAGf2DeM+BTvKzHv752z6Z7zy6bA643nZM7W88Ft9tnw2GsJSp6iJ+3cekjyMIWH+cloL2U9X82dKXgdU8kPg=="
    }
  }
}
